// !$*UTF8*$!
{
	archiveVersion = 1;
	classes = {
	};
	objectVersion = 56;
	objects = {

/* Begin PBXBuildFile section */
		0819497129818F850040F6E7 /* AppDelegate.swift in Sources */ = {isa = PBXBuildFile; fileRef = 0819497029818F850040F6E7 /* AppDelegate.swift */; };
		0819497329818F850040F6E7 /* SceneDelegate.swift in Sources */ = {isa = PBXBuildFile; fileRef = 0819497229818F850040F6E7 /* SceneDelegate.swift */; };
		0819497829818F850040F6E7 /* Main.storyboard in Resources */ = {isa = PBXBuildFile; fileRef = 0819497629818F850040F6E7 /* Main.storyboard */; };
		0819497A29818F860040F6E7 /* Assets.xcassets in Resources */ = {isa = PBXBuildFile; fileRef = 0819497929818F860040F6E7 /* Assets.xcassets */; };
		0819497D29818F860040F6E7 /* LaunchScreen.storyboard in Resources */ = {isa = PBXBuildFile; fileRef = 0819497B29818F860040F6E7 /* LaunchScreen.storyboard */; };
		082E10A629C2033C00EFEB7F /* ViewController.swift in Sources */ = {isa = PBXBuildFile; fileRef = 082E10A529C2033C00EFEB7F /* ViewController.swift */; };
		082E10A929C3025900EFEB7F /* TabBar.storyboard in Resources */ = {isa = PBXBuildFile; fileRef = 082E10A829C3025900EFEB7F /* TabBar.storyboard */; };
		082E10BE29C3355E00EFEB7F /* TabBarController.swift in Sources */ = {isa = PBXBuildFile; fileRef = 082E10BD29C3355E00EFEB7F /* TabBarController.swift */; };
		082E10C329C33EA800EFEB7F /* FeedViewController.swift in Sources */ = {isa = PBXBuildFile; fileRef = 082E10C229C33EA800EFEB7F /* FeedViewController.swift */; };
		082E10C629C33EC700EFEB7F /* SearchViewController.swift in Sources */ = {isa = PBXBuildFile; fileRef = 082E10C529C33EC700EFEB7F /* SearchViewController.swift */; };
		082E10CB29C33EEE00EFEB7F /* ChatViewController.swift in Sources */ = {isa = PBXBuildFile; fileRef = 082E10CA29C33EEE00EFEB7F /* ChatViewController.swift */; };
		082E10CD29C33F0200EFEB7F /* NotificationViewController.swift in Sources */ = {isa = PBXBuildFile; fileRef = 082E10CC29C33F0200EFEB7F /* NotificationViewController.swift */; };
		082E10CF29C33F1300EFEB7F /* ProfileViewController.swift in Sources */ = {isa = PBXBuildFile; fileRef = 082E10CE29C33F1300EFEB7F /* ProfileViewController.swift */; };
		082E10D129C3431400EFEB7F /* ProfileTableViewCell.swift in Sources */ = {isa = PBXBuildFile; fileRef = 082E10D029C3431400EFEB7F /* ProfileTableViewCell.swift */; };
		082E10D429C34FD600EFEB7F /* HeaderView.xib in Resources */ = {isa = PBXBuildFile; fileRef = 082E10D329C34FD600EFEB7F /* HeaderView.xib */; };
		082E10D629C3501000EFEB7F /* HeaderView.swift in Sources */ = {isa = PBXBuildFile; fileRef = 082E10D529C3501000EFEB7F /* HeaderView.swift */; };
		082E10D829C35C5000EFEB7F /* GoogleService-Info.plist in Resources */ = {isa = PBXBuildFile; fileRef = 082E10D729C35C5000EFEB7F /* GoogleService-Info.plist */; };
		082E111229C451D100EFEB7F /* FirebaseAnalytics in Frameworks */ = {isa = PBXBuildFile; productRef = 082E111129C451D100EFEB7F /* FirebaseAnalytics */; };
		082E111429C451D100EFEB7F /* FirebaseDatabase in Frameworks */ = {isa = PBXBuildFile; productRef = 082E111329C451D100EFEB7F /* FirebaseDatabase */; };
		082E111629C451D100EFEB7F /* FirebaseFirestore in Frameworks */ = {isa = PBXBuildFile; productRef = 082E111529C451D100EFEB7F /* FirebaseFirestore */; };
		082E111829C451D100EFEB7F /* FirebaseStorage in Frameworks */ = {isa = PBXBuildFile; productRef = 082E111729C451D100EFEB7F /* FirebaseStorage */; };
		082E111A29C451D100EFEB7F /* FirebaseStorageCombine-Community in Frameworks */ = {isa = PBXBuildFile; productRef = 082E111929C451D100EFEB7F /* FirebaseStorageCombine-Community */; };
		082E111C29C4599600EFEB7F /* APIManager.swift in Sources */ = {isa = PBXBuildFile; fileRef = 082E111B29C4599600EFEB7F /* APIManager.swift */; };
		082E111E29C4673A00EFEB7F /* FeedTableViewCell.swift in Sources */ = {isa = PBXBuildFile; fileRef = 082E111D29C4673A00EFEB7F /* FeedTableViewCell.swift */; };
/* End PBXBuildFile section */

/* Begin PBXFileReference section */
		0819496D29818F850040F6E7 /* VKontakteGB.app */ = {isa = PBXFileReference; explicitFileType = wrapper.application; includeInIndex = 0; path = VKontakteGB.app; sourceTree = BUILT_PRODUCTS_DIR; };
		0819497029818F850040F6E7 /* AppDelegate.swift */ = {isa = PBXFileReference; lastKnownFileType = sourcecode.swift; path = AppDelegate.swift; sourceTree = "<group>"; };
		0819497229818F850040F6E7 /* SceneDelegate.swift */ = {isa = PBXFileReference; lastKnownFileType = sourcecode.swift; path = SceneDelegate.swift; sourceTree = "<group>"; };
		0819497729818F850040F6E7 /* Base */ = {isa = PBXFileReference; lastKnownFileType = file.storyboard; name = Base; path = Base.lproj/Main.storyboard; sourceTree = "<group>"; };
		0819497929818F860040F6E7 /* Assets.xcassets */ = {isa = PBXFileReference; lastKnownFileType = folder.assetcatalog; path = Assets.xcassets; sourceTree = "<group>"; };
		0819497C29818F860040F6E7 /* Base */ = {isa = PBXFileReference; lastKnownFileType = file.storyboard; name = Base; path = Base.lproj/LaunchScreen.storyboard; sourceTree = "<group>"; };
		0819497E29818F860040F6E7 /* Info.plist */ = {isa = PBXFileReference; lastKnownFileType = text.plist.xml; path = Info.plist; sourceTree = "<group>"; };
		082E10A529C2033C00EFEB7F /* ViewController.swift */ = {isa = PBXFileReference; lastKnownFileType = sourcecode.swift; path = ViewController.swift; sourceTree = "<group>"; };
		082E10A829C3025900EFEB7F /* TabBar.storyboard */ = {isa = PBXFileReference; lastKnownFileType = file.storyboard; path = TabBar.storyboard; sourceTree = "<group>"; };
		082E10BD29C3355E00EFEB7F /* TabBarController.swift */ = {isa = PBXFileReference; lastKnownFileType = sourcecode.swift; path = TabBarController.swift; sourceTree = "<group>"; };
		082E10C229C33EA800EFEB7F /* FeedViewController.swift */ = {isa = PBXFileReference; lastKnownFileType = sourcecode.swift; path = FeedViewController.swift; sourceTree = "<group>"; };
		082E10C529C33EC700EFEB7F /* SearchViewController.swift */ = {isa = PBXFileReference; lastKnownFileType = sourcecode.swift; path = SearchViewController.swift; sourceTree = "<group>"; };
		082E10CA29C33EEE00EFEB7F /* ChatViewController.swift */ = {isa = PBXFileReference; lastKnownFileType = sourcecode.swift; path = ChatViewController.swift; sourceTree = "<group>"; };
		082E10CC29C33F0200EFEB7F /* NotificationViewController.swift */ = {isa = PBXFileReference; lastKnownFileType = sourcecode.swift; path = NotificationViewController.swift; sourceTree = "<group>"; };
		082E10CE29C33F1300EFEB7F /* ProfileViewController.swift */ = {isa = PBXFileReference; lastKnownFileType = sourcecode.swift; path = ProfileViewController.swift; sourceTree = "<group>"; };
		082E10D029C3431400EFEB7F /* ProfileTableViewCell.swift */ = {isa = PBXFileReference; lastKnownFileType = sourcecode.swift; path = ProfileTableViewCell.swift; sourceTree = "<group>"; };
		082E10D329C34FD600EFEB7F /* HeaderView.xib */ = {isa = PBXFileReference; lastKnownFileType = file.xib; path = HeaderView.xib; sourceTree = "<group>"; };
		082E10D529C3501000EFEB7F /* HeaderView.swift */ = {isa = PBXFileReference; lastKnownFileType = sourcecode.swift; path = HeaderView.swift; sourceTree = "<group>"; };
		082E10D729C35C5000EFEB7F /* GoogleService-Info.plist */ = {isa = PBXFileReference; fileEncoding = 4; lastKnownFileType = text.plist.xml; name = "GoogleService-Info.plist"; path = "../../../Downloads/GoogleService-Info.plist"; sourceTree = "<group>"; };
		082E111B29C4599600EFEB7F /* APIManager.swift */ = {isa = PBXFileReference; lastKnownFileType = sourcecode.swift; path = APIManager.swift; sourceTree = "<group>"; };
		082E111D29C4673A00EFEB7F /* FeedTableViewCell.swift */ = {isa = PBXFileReference; lastKnownFileType = sourcecode.swift; path = FeedTableViewCell.swift; sourceTree = "<group>"; };
/* End PBXFileReference section */

/* Begin PBXFrameworksBuildPhase section */
		0819496A29818F850040F6E7 /* Frameworks */ = {
			isa = PBXFrameworksBuildPhase;
			buildActionMask = 2147483647;
			files = (
				082E111429C451D100EFEB7F /* FirebaseDatabase in Frameworks */,
				082E111829C451D100EFEB7F /* FirebaseStorage in Frameworks */,
				082E111A29C451D100EFEB7F /* FirebaseStorageCombine-Community in Frameworks */,
				082E111229C451D100EFEB7F /* FirebaseAnalytics in Frameworks */,
				082E111629C451D100EFEB7F /* FirebaseFirestore in Frameworks */,
			);
			runOnlyForDeploymentPostprocessing = 0;
		};
/* End PBXFrameworksBuildPhase section */

/* Begin PBXGroup section */
		0819496429818F850040F6E7 = {
			isa = PBXGroup;
			children = (
				0819496F29818F850040F6E7 /* VKontakteGB */,
				0819496E29818F850040F6E7 /* Products */,
			);
			sourceTree = "<group>";
		};
		0819496E29818F850040F6E7 /* Products */ = {
			isa = PBXGroup;
			children = (
				0819496D29818F850040F6E7 /* VKontakteGB.app */,
			);
			name = Products;
			sourceTree = "<group>";
		};
		0819496F29818F850040F6E7 /* VKontakteGB */ = {
			isa = PBXGroup;
			children = (
				082E109D29B9FB8900EFEB7F /* API */,
				0819498429834BD60040F6E7 /* Application */,
				0819498529834BEE0040F6E7 /* Main */,
				082E10A729C3023400EFEB7F /* TabBar */,
				0819498629834BFC0040F6E7 /* Resources */,
				082E10D729C35C5000EFEB7F /* GoogleService-Info.plist */,
			);
			path = VKontakteGB;
			sourceTree = "<group>";
		};
		0819498429834BD60040F6E7 /* Application */ = {
			isa = PBXGroup;
			children = (
				0819497029818F850040F6E7 /* AppDelegate.swift */,
				0819497229818F850040F6E7 /* SceneDelegate.swift */,
			);
			path = Application;
			sourceTree = "<group>";
		};
		0819498529834BEE0040F6E7 /* Main */ = {
			isa = PBXGroup;
			children = (
				082E10A529C2033C00EFEB7F /* ViewController.swift */,
				0819497629818F850040F6E7 /* Main.storyboard */,
			);
			path = Main;
			sourceTree = "<group>";
		};
		0819498629834BFC0040F6E7 /* Resources */ = {
			isa = PBXGroup;
			children = (
				0819497929818F860040F6E7 /* Assets.xcassets */,
				0819497B29818F860040F6E7 /* LaunchScreen.storyboard */,
				0819497E29818F860040F6E7 /* Info.plist */,
			);
			path = Resources;
			sourceTree = "<group>";
		};
		082E109D29B9FB8900EFEB7F /* API */ = {
			isa = PBXGroup;
			children = (
				082E111B29C4599600EFEB7F /* APIManager.swift */,
			);
			path = API;
			sourceTree = "<group>";
		};
		082E10A729C3023400EFEB7F /* TabBar */ = {
			isa = PBXGroup;
			children = (
				082E10BD29C3355E00EFEB7F /* TabBarController.swift */,
				082E10A829C3025900EFEB7F /* TabBar.storyboard */,
				082E10C129C33E8E00EFEB7F /* Feed */,
				082E10C429C33EB600EFEB7F /* Search */,
				082E10C729C33ED500EFEB7F /* Chat */,
				082E10C829C33EDA00EFEB7F /* Notification */,
				082E10C929C33EDD00EFEB7F /* Profile */,
			);
			path = TabBar;
			sourceTree = "<group>";
		};
		082E10C129C33E8E00EFEB7F /* Feed */ = {
			isa = PBXGroup;
			children = (
				082E10C229C33EA800EFEB7F /* FeedViewController.swift */,
				082E111D29C4673A00EFEB7F /* FeedTableViewCell.swift */,
			);
			path = Feed;
			sourceTree = "<group>";
		};
		082E10C429C33EB600EFEB7F /* Search */ = {
			isa = PBXGroup;
			children = (
				082E10C529C33EC700EFEB7F /* SearchViewController.swift */,
			);
			path = Search;
			sourceTree = "<group>";
		};
		082E10C729C33ED500EFEB7F /* Chat */ = {
			isa = PBXGroup;
			children = (
				082E10CA29C33EEE00EFEB7F /* ChatViewController.swift */,
			);
			path = Chat;
			sourceTree = "<group>";
		};
		082E10C829C33EDA00EFEB7F /* Notification */ = {
			isa = PBXGroup;
			children = (
				082E10CC29C33F0200EFEB7F /* NotificationViewController.swift */,
			);
			path = Notification;
			sourceTree = "<group>";
		};
		082E10C929C33EDD00EFEB7F /* Profile */ = {
			isa = PBXGroup;
			children = (
				082E10D229C34FB400EFEB7F /* Header */,
				082E10CE29C33F1300EFEB7F /* ProfileViewController.swift */,
				082E10D029C3431400EFEB7F /* ProfileTableViewCell.swift */,
			);
			path = Profile;
			sourceTree = "<group>";
		};
		082E10D229C34FB400EFEB7F /* Header */ = {
			isa = PBXGroup;
			children = (
				082E10D529C3501000EFEB7F /* HeaderView.swift */,
				082E10D329C34FD600EFEB7F /* HeaderView.xib */,
			);
			path = Header;
			sourceTree = "<group>";
		};
/* End PBXGroup section */

/* Begin PBXNativeTarget section */
		0819496C29818F850040F6E7 /* VKontakteGB */ = {
			isa = PBXNativeTarget;
			buildConfigurationList = 0819498129818F860040F6E7 /* Build configuration list for PBXNativeTarget "VKontakteGB" */;
			buildPhases = (
				0819496929818F850040F6E7 /* Sources */,
				0819496A29818F850040F6E7 /* Frameworks */,
				0819496B29818F850040F6E7 /* Resources */,
			);
			buildRules = (
			);
			dependencies = (
			);
			name = VKontakteGB;
			packageProductDependencies = (
				082E111129C451D100EFEB7F /* FirebaseAnalytics */,
				082E111329C451D100EFEB7F /* FirebaseDatabase */,
				082E111529C451D100EFEB7F /* FirebaseFirestore */,
				082E111729C451D100EFEB7F /* FirebaseStorage */,
				082E111929C451D100EFEB7F /* FirebaseStorageCombine-Community */,
			);
			productName = VKontakteGB;
			productReference = 0819496D29818F850040F6E7 /* VKontakteGB.app */;
			productType = "com.apple.product-type.application";
		};
/* End PBXNativeTarget section */

/* Begin PBXProject section */
		0819496529818F850040F6E7 /* Project object */ = {
			isa = PBXProject;
			attributes = {
				BuildIndependentTargetsInParallel = 1;
				LastSwiftUpdateCheck = 1420;
				LastUpgradeCheck = 1420;
				TargetAttributes = {
					0819496C29818F850040F6E7 = {
						CreatedOnToolsVersion = 14.2;
					};
				};
			};
			buildConfigurationList = 0819496829818F850040F6E7 /* Build configuration list for PBXProject "VKontakteGB" */;
			compatibilityVersion = "Xcode 14.0";
			developmentRegion = en;
			hasScannedForEncodings = 0;
			knownRegions = (
				en,
				Base,
			);
			mainGroup = 0819496429818F850040F6E7;
			packageReferences = (
				082E111029C451D100EFEB7F /* XCRemoteSwiftPackageReference "firebase-ios-sdk" */,
			);
			productRefGroup = 0819496E29818F850040F6E7 /* Products */;
			projectDirPath = "";
			projectRoot = "";
			targets = (
				0819496C29818F850040F6E7 /* VKontakteGB */,
			);
		};
/* End PBXProject section */

/* Begin PBXResourcesBuildPhase section */
		0819496B29818F850040F6E7 /* Resources */ = {
			isa = PBXResourcesBuildPhase;
			buildActionMask = 2147483647;
			files = (
				082E10A929C3025900EFEB7F /* TabBar.storyboard in Resources */,
				082E10D429C34FD600EFEB7F /* HeaderView.xib in Resources */,
				0819497D29818F860040F6E7 /* LaunchScreen.storyboard in Resources */,
				0819497A29818F860040F6E7 /* Assets.xcassets in Resources */,
				0819497829818F850040F6E7 /* Main.storyboard in Resources */,
				082E10D829C35C5000EFEB7F /* GoogleService-Info.plist in Resources */,
			);
			runOnlyForDeploymentPostprocessing = 0;
		};
/* End PBXResourcesBuildPhase section */

/* Begin PBXSourcesBuildPhase section */
		0819496929818F850040F6E7 /* Sources */ = {
			isa = PBXSourcesBuildPhase;
			buildActionMask = 2147483647;
			files = (
				082E111C29C4599600EFEB7F /* APIManager.swift in Sources */,
				082E10C629C33EC700EFEB7F /* SearchViewController.swift in Sources */,
				082E10A629C2033C00EFEB7F /* ViewController.swift in Sources */,
				082E10CD29C33F0200EFEB7F /* NotificationViewController.swift in Sources */,
				082E10D129C3431400EFEB7F /* ProfileTableViewCell.swift in Sources */,
				082E111E29C4673A00EFEB7F /* FeedTableViewCell.swift in Sources */,
				0819497129818F850040F6E7 /* AppDelegate.swift in Sources */,
				082E10CB29C33EEE00EFEB7F /* ChatViewController.swift in Sources */,
				082E10C329C33EA800EFEB7F /* FeedViewController.swift in Sources */,
				082E10D629C3501000EFEB7F /* HeaderView.swift in Sources */,
				082E10CF29C33F1300EFEB7F /* ProfileViewController.swift in Sources */,
				0819497329818F850040F6E7 /* SceneDelegate.swift in Sources */,
				082E10BE29C3355E00EFEB7F /* TabBarController.swift in Sources */,
			);
			runOnlyForDeploymentPostprocessing = 0;
		};
/* End PBXSourcesBuildPhase section */

/* Begin PBXVariantGroup section */
		0819497629818F850040F6E7 /* Main.storyboard */ = {
			isa = PBXVariantGroup;
			children = (
				0819497729818F850040F6E7 /* Base */,
			);
			name = Main.storyboard;
			sourceTree = "<group>";
		};
		0819497B29818F860040F6E7 /* LaunchScreen.storyboard */ = {
			isa = PBXVariantGroup;
			children = (
				0819497C29818F860040F6E7 /* Base */,
			);
			name = LaunchScreen.storyboard;
			sourceTree = "<group>";
		};
/* End PBXVariantGroup section */

/* Begin XCBuildConfiguration section */
		0819497F29818F860040F6E7 /* Debug */ = {
			isa = XCBuildConfiguration;
			buildSettings = {
				ALWAYS_SEARCH_USER_PATHS = NO;
				CLANG_ANALYZER_NONNULL = YES;
				CLANG_ANALYZER_NUMBER_OBJECT_CONVERSION = YES_AGGRESSIVE;
				CLANG_CXX_LANGUAGE_STANDARD = "gnu++20";
				CLANG_ENABLE_MODULES = YES;
				CLANG_ENABLE_OBJC_ARC = YES;
				CLANG_ENABLE_OBJC_WEAK = YES;
				CLANG_WARN_BLOCK_CAPTURE_AUTORELEASING = YES;
				CLANG_WARN_BOOL_CONVERSION = YES;
				CLANG_WARN_COMMA = YES;
				CLANG_WARN_CONSTANT_CONVERSION = YES;
				CLANG_WARN_DEPRECATED_OBJC_IMPLEMENTATIONS = YES;
				CLANG_WARN_DIRECT_OBJC_ISA_USAGE = YES_ERROR;
				CLANG_WARN_DOCUMENTATION_COMMENTS = YES;
				CLANG_WARN_EMPTY_BODY = YES;
				CLANG_WARN_ENUM_CONVERSION = YES;
				CLANG_WARN_INFINITE_RECURSION = YES;
				CLANG_WARN_INT_CONVERSION = YES;
				CLANG_WARN_NON_LITERAL_NULL_CONVERSION = YES;
				CLANG_WARN_OBJC_IMPLICIT_RETAIN_SELF = YES;
				CLANG_WARN_OBJC_LITERAL_CONVERSION = YES;
				CLANG_WARN_OBJC_ROOT_CLASS = YES_ERROR;
				CLANG_WARN_QUOTED_INCLUDE_IN_FRAMEWORK_HEADER = YES;
				CLANG_WARN_RANGE_LOOP_ANALYSIS = YES;
				CLANG_WARN_STRICT_PROTOTYPES = YES;
				CLANG_WARN_SUSPICIOUS_MOVE = YES;
				CLANG_WARN_UNGUARDED_AVAILABILITY = YES_AGGRESSIVE;
				CLANG_WARN_UNREACHABLE_CODE = YES;
				CLANG_WARN__DUPLICATE_METHOD_MATCH = YES;
				COPY_PHASE_STRIP = NO;
				DEBUG_INFORMATION_FORMAT = dwarf;
				ENABLE_STRICT_OBJC_MSGSEND = YES;
				ENABLE_TESTABILITY = YES;
				GCC_C_LANGUAGE_STANDARD = gnu11;
				GCC_DYNAMIC_NO_PIC = NO;
				GCC_NO_COMMON_BLOCKS = YES;
				GCC_OPTIMIZATION_LEVEL = 0;
				GCC_PREPROCESSOR_DEFINITIONS = (
					"DEBUG=1",
					"$(inherited)",
				);
				GCC_WARN_64_TO_32_BIT_CONVERSION = YES;
				GCC_WARN_ABOUT_RETURN_TYPE = YES_ERROR;
				GCC_WARN_UNDECLARED_SELECTOR = YES;
				GCC_WARN_UNINITIALIZED_AUTOS = YES_AGGRESSIVE;
				GCC_WARN_UNUSED_FUNCTION = YES;
				GCC_WARN_UNUSED_VARIABLE = YES;
				IPHONEOS_DEPLOYMENT_TARGET = 16.2;
				MTL_ENABLE_DEBUG_INFO = INCLUDE_SOURCE;
				MTL_FAST_MATH = YES;
				ONLY_ACTIVE_ARCH = YES;
				SDKROOT = iphoneos;
				SWIFT_ACTIVE_COMPILATION_CONDITIONS = DEBUG;
				SWIFT_OPTIMIZATION_LEVEL = "-Onone";
			};
			name = Debug;
		};
		0819498029818F860040F6E7 /* Release */ = {
			isa = XCBuildConfiguration;
			buildSettings = {
				ALWAYS_SEARCH_USER_PATHS = NO;
				CLANG_ANALYZER_NONNULL = YES;
				CLANG_ANALYZER_NUMBER_OBJECT_CONVERSION = YES_AGGRESSIVE;
				CLANG_CXX_LANGUAGE_STANDARD = "gnu++20";
				CLANG_ENABLE_MODULES = YES;
				CLANG_ENABLE_OBJC_ARC = YES;
				CLANG_ENABLE_OBJC_WEAK = YES;
				CLANG_WARN_BLOCK_CAPTURE_AUTORELEASING = YES;
				CLANG_WARN_BOOL_CONVERSION = YES;
				CLANG_WARN_COMMA = YES;
				CLANG_WARN_CONSTANT_CONVERSION = YES;
				CLANG_WARN_DEPRECATED_OBJC_IMPLEMENTATIONS = YES;
				CLANG_WARN_DIRECT_OBJC_ISA_USAGE = YES_ERROR;
				CLANG_WARN_DOCUMENTATION_COMMENTS = YES;
				CLANG_WARN_EMPTY_BODY = YES;
				CLANG_WARN_ENUM_CONVERSION = YES;
				CLANG_WARN_INFINITE_RECURSION = YES;
				CLANG_WARN_INT_CONVERSION = YES;
				CLANG_WARN_NON_LITERAL_NULL_CONVERSION = YES;
				CLANG_WARN_OBJC_IMPLICIT_RETAIN_SELF = YES;
				CLANG_WARN_OBJC_LITERAL_CONVERSION = YES;
				CLANG_WARN_OBJC_ROOT_CLASS = YES_ERROR;
				CLANG_WARN_QUOTED_INCLUDE_IN_FRAMEWORK_HEADER = YES;
				CLANG_WARN_RANGE_LOOP_ANALYSIS = YES;
				CLANG_WARN_STRICT_PROTOTYPES = YES;
				CLANG_WARN_SUSPICIOUS_MOVE = YES;
				CLANG_WARN_UNGUARDED_AVAILABILITY = YES_AGGRESSIVE;
				CLANG_WARN_UNREACHABLE_CODE = YES;
				CLANG_WARN__DUPLICATE_METHOD_MATCH = YES;
				COPY_PHASE_STRIP = NO;
				DEBUG_INFORMATION_FORMAT = "dwarf-with-dsym";
				ENABLE_NS_ASSERTIONS = NO;
				ENABLE_STRICT_OBJC_MSGSEND = YES;
				GCC_C_LANGUAGE_STANDARD = gnu11;
				GCC_NO_COMMON_BLOCKS = YES;
				GCC_WARN_64_TO_32_BIT_CONVERSION = YES;
				GCC_WARN_ABOUT_RETURN_TYPE = YES_ERROR;
				GCC_WARN_UNDECLARED_SELECTOR = YES;
				GCC_WARN_UNINITIALIZED_AUTOS = YES_AGGRESSIVE;
				GCC_WARN_UNUSED_FUNCTION = YES;
				GCC_WARN_UNUSED_VARIABLE = YES;
				IPHONEOS_DEPLOYMENT_TARGET = 16.2;
				MTL_ENABLE_DEBUG_INFO = NO;
				MTL_FAST_MATH = YES;
				SDKROOT = iphoneos;
				SWIFT_COMPILATION_MODE = wholemodule;
				SWIFT_OPTIMIZATION_LEVEL = "-O";
				VALIDATE_PRODUCT = YES;
			};
			name = Release;
		};
		0819498229818F860040F6E7 /* Debug */ = {
			isa = XCBuildConfiguration;
			buildSettings = {
				ASSETCATALOG_COMPILER_APPICON_NAME = AppIcon;
				ASSETCATALOG_COMPILER_GLOBAL_ACCENT_COLOR_NAME = AccentColor;
				CODE_SIGN_STYLE = Automatic;
				CURRENT_PROJECT_VERSION = 1;
				DEVELOPMENT_TEAM = 5UAUYM5638;
				GENERATE_INFOPLIST_FILE = YES;
				INFOPLIST_FILE = VKontakteGB/Resources/Info.plist;
				INFOPLIST_KEY_LSApplicationCategoryType = "public.app-category.social-networking";
				INFOPLIST_KEY_UIApplicationSupportsIndirectInputEvents = YES;
				INFOPLIST_KEY_UILaunchStoryboardName = LaunchScreen;
				INFOPLIST_KEY_UIMainStoryboardFile = Main;
				INFOPLIST_KEY_UIStatusBarStyle = UIStatusBarStyleLightContent;
				INFOPLIST_KEY_UISupportedInterfaceOrientations_iPad = "UIInterfaceOrientationPortrait UIInterfaceOrientationPortraitUpsideDown UIInterfaceOrientationLandscapeLeft UIInterfaceOrientationLandscapeRight";
				INFOPLIST_KEY_UISupportedInterfaceOrientations_iPhone = "UIInterfaceOrientationPortrait UIInterfaceOrientationLandscapeLeft UIInterfaceOrientationLandscapeRight";
				IPHONEOS_DEPLOYMENT_TARGET = 15.0;
				LD_RUNPATH_SEARCH_PATHS = (
					"$(inherited)",
					"@executable_path/Frameworks",
				);
				MARKETING_VERSION = 1.0;
				PRODUCT_BUNDLE_IDENTIFIER = SOVAPP.VKontakteGB;
				PRODUCT_NAME = "$(TARGET_NAME)";
				SUPPORTED_PLATFORMS = "iphoneos iphonesimulator";
				SUPPORTS_MACCATALYST = NO;
				SUPPORTS_MAC_DESIGNED_FOR_IPHONE_IPAD = NO;
				SWIFT_EMIT_LOC_STRINGS = YES;
				SWIFT_VERSION = 5.0;
				TARGETED_DEVICE_FAMILY = 1;
			};
			name = Debug;
		};
		0819498329818F860040F6E7 /* Release */ = {
			isa = XCBuildConfiguration;
			buildSettings = {
				ASSETCATALOG_COMPILER_APPICON_NAME = AppIcon;
				ASSETCATALOG_COMPILER_GLOBAL_ACCENT_COLOR_NAME = AccentColor;
				CODE_SIGN_STYLE = Automatic;
				CURRENT_PROJECT_VERSION = 1;
				DEVELOPMENT_TEAM = 5UAUYM5638;
				GENERATE_INFOPLIST_FILE = YES;
				INFOPLIST_FILE = VKontakteGB/Resources/Info.plist;
				INFOPLIST_KEY_LSApplicationCategoryType = "public.app-category.social-networking";
				INFOPLIST_KEY_UIApplicationSupportsIndirectInputEvents = YES;
				INFOPLIST_KEY_UILaunchStoryboardName = LaunchScreen;
				INFOPLIST_KEY_UIMainStoryboardFile = Main;
				INFOPLIST_KEY_UIStatusBarStyle = UIStatusBarStyleLightContent;
				INFOPLIST_KEY_UISupportedInterfaceOrientations_iPad = "UIInterfaceOrientationPortrait UIInterfaceOrientationPortraitUpsideDown UIInterfaceOrientationLandscapeLeft UIInterfaceOrientationLandscapeRight";
				INFOPLIST_KEY_UISupportedInterfaceOrientations_iPhone = "UIInterfaceOrientationPortrait UIInterfaceOrientationLandscapeLeft UIInterfaceOrientationLandscapeRight";
				IPHONEOS_DEPLOYMENT_TARGET = 15.0;
				LD_RUNPATH_SEARCH_PATHS = (
					"$(inherited)",
					"@executable_path/Frameworks",
				);
				MARKETING_VERSION = 1.0;
				PRODUCT_BUNDLE_IDENTIFIER = SOVAPP.VKontakteGB;
				PRODUCT_NAME = "$(TARGET_NAME)";
				SUPPORTED_PLATFORMS = "iphoneos iphonesimulator";
				SUPPORTS_MACCATALYST = NO;
				SUPPORTS_MAC_DESIGNED_FOR_IPHONE_IPAD = NO;
				SWIFT_EMIT_LOC_STRINGS = YES;
				SWIFT_VERSION = 5.0;
				TARGETED_DEVICE_FAMILY = 1;
			};
			name = Release;
		};
/* End XCBuildConfiguration section */

/* Begin XCConfigurationList section */
		0819496829818F850040F6E7 /* Build configuration list for PBXProject "VKontakteGB" */ = {
			isa = XCConfigurationList;
			buildConfigurations = (
				0819497F29818F860040F6E7 /* Debug */,
				0819498029818F860040F6E7 /* Release */,
			);
			defaultConfigurationIsVisible = 0;
			defaultConfigurationName = Release;
		};
		0819498129818F860040F6E7 /* Build configuration list for PBXNativeTarget "VKontakteGB" */ = {
			isa = XCConfigurationList;
			buildConfigurations = (
				0819498229818F860040F6E7 /* Debug */,
				0819498329818F860040F6E7 /* Release */,
			);
			defaultConfigurationIsVisible = 0;
			defaultConfigurationName = Release;
		};
/* End XCConfigurationList section */

/* Begin XCRemoteSwiftPackageReference section */
		082E111029C451D100EFEB7F /* XCRemoteSwiftPackageReference "firebase-ios-sdk" */ = {
			isa = XCRemoteSwiftPackageReference;
			repositoryURL = "https://github.com/firebase/firebase-ios-sdk";
			requirement = {
				kind = upToNextMajorVersion;
				minimumVersion = 9.0.0;
			};
		};
/* End XCRemoteSwiftPackageReference section */

/* Begin XCSwiftPackageProductDependency section */
		082E111129C451D100EFEB7F /* FirebaseAnalytics */ = {
			isa = XCSwiftPackageProductDependency;
			package = 082E111029C451D100EFEB7F /* XCRemoteSwiftPackageReference "firebase-ios-sdk" */;
			productName = FirebaseAnalytics;
		};
		082E111329C451D100EFEB7F /* FirebaseDatabase */ = {
			isa = XCSwiftPackageProductDependency;
			package = 082E111029C451D100EFEB7F /* XCRemoteSwiftPackageReference "firebase-ios-sdk" */;
			productName = FirebaseDatabase;
		};
		082E111529C451D100EFEB7F /* FirebaseFirestore */ = {
			isa = XCSwiftPackageProductDependency;
			package = 082E111029C451D100EFEB7F /* XCRemoteSwiftPackageReference "firebase-ios-sdk" */;
			productName = FirebaseFirestore;
		};
		082E111729C451D100EFEB7F /* FirebaseStorage */ = {
			isa = XCSwiftPackageProductDependency;
			package = 082E111029C451D100EFEB7F /* XCRemoteSwiftPackageReference "firebase-ios-sdk" */;
			productName = FirebaseStorage;
		};
		082E111929C451D100EFEB7F /* FirebaseStorageCombine-Community */ = {
			isa = XCSwiftPackageProductDependency;
			package = 082E111029C451D100EFEB7F /* XCRemoteSwiftPackageReference "firebase-ios-sdk" */;
			productName = "FirebaseStorageCombine-Community";
		};
/* End XCSwiftPackageProductDependency section */
	};
	rootObject = 0819496529818F850040F6E7 /* Project object */;
}
